
Microsoft Visual Studio Solution File, Format Version 12.00
# Visual Studio Version 16
VisualStudioVersion = 16.0.31112.23
MinimumVisualStudioVersion = 10.0.40219.1
Project("{8BC9CEB8-8B4A-11D0-8D11-00A0C91BC942}") = "Олимпиада", "Олимпиада.vcxproj", "{DED660B6-38B0-4EB8-838C-846F34805078}"
EndProject
Global
	GlobalSection(SolutionConfigurationPlatforms) = preSolution
		Debug|x64 = Debug|x64
		Debug|x86 = Debug|x86
		Release|x64 = Release|x64
		Release|x86 = Release|x86
	EndGlobalSection
	GlobalSection(ProjectConfigurationPlatforms) = postSolution
		{DED660B6-38B0-4EB8-838C-846F34805078}.Debug|x64.ActiveCfg = Debug|x64
		{DED660B6-38B0-4EB8-838C-846F34805078}.Debug|x64.Build.0 = Debug|x64
		{DED660B6-38B0-4EB8-838C-846F34805078}.Debug|x86.ActiveCfg = Debug|Win32
		{DED660B6-38B0-4EB8-838C-846F34805078}.Debug|x86.Build.0 = Debug|Win32
		{DED660B6-38B0-4EB8-838C-846F34805078}.Release|x64.ActiveCfg = Release|x64
		{DED660B6-38B0-4EB8-838C-846F34805078}.Release|x64.Build.0 = Release|x64
		{DED660B6-38B0-4EB8-838C-846F34805078}.Release|x86.ActiveCfg = Release|Win32
		{DED660B6-38B0-4EB8-838C-846F34805078}.Release|x86.Build.0 = Release|Win32
	EndGlobalSection
	GlobalSection(SolutionProperties) = preSolution
		HideSolutionNode = FALSE
	EndGlobalSection
	GlobalSection(ExtensibilityGlobals) = postSolution
		SolutionGuid = {C8CFCB0F-532B-4B00-8A9F-F2B047B00CED}
	EndGlobalSection
EndGlobal
